{
  "name": "tests",
  "lockfileVersion": 3,
  "requires": true,
  "packages": {
    "": {
      "dependencies": {
        "emoji-test-regex-pattern": "^2.0.2"
      }
    },
    "node_modules/emoji-test-regex-pattern": {
      "version": "2.1.0",
      "resolved": "https://registry.npmjs.org/emoji-test-regex-pattern/-/emoji-test-regex-pattern-2.1.0.tgz",
      "integrity": "sha512-9+L/TheboMXSybFWUgwpa1bWitn2NbefDEQ9EgXGxa61goTaKxnX6vDn/2WBHNJK+Mkzq9w+qKJqLuHep3BtGg=="
    }
  }
}
