{
  "name": "tests",
  "lockfileVersion": 3,
  "requires": true,
  "packages": {
    "": {
      "dependencies": {
        "emoji-test-regex-pattern": "^2.0.2"
      }
    },
    "node_modules/emoji-test-regex-pattern": {
      "version": "2.0.2",
      "resolved": "https://registry.npmjs.org/emoji-test-regex-pattern/-/emoji-test-regex-pattern-2.0.2.tgz",
      "integrity": "sha512-PhrYCSwgyDMzZJT5mrW/r1KSKRN2emU+XZgtzqdeH/X2C4wcxe1sQRQF7PO8peELlbwslIO8Kim7+G8GB/lRew=="
    }
  }
}
